
Microsoft Visual Studio Solution File, Format Version 12.00
# Visual Studio Version 16
VisualStudioVersion = 16.0.30907.101
MinimumVisualStudioVersion = 10.0.40219.1
Project("{9A19103F-16F7-4668-BE54-9A1E7A4F7556}") = "WitLoginWeb", "WitLoginWeb\WitLoginWeb.csproj", "{DC9F7569-9428-4AE0-9FC6-4EC1703D5D4D}"
EndProject
Project("{9A19103F-16F7-4668-BE54-9A1E7A4F7556}") = "WitLoginWebAPI", "WitLoginWebAPI\WitLoginWebAPI.csproj", "{7E9DA62D-2134-455C-A428-23982E407AFA}"
EndProject
Project("{FAE04EC0-301F-11D3-BF4B-00C04F79EFBC}") = "WITLoginWebTest", "WITLoginWebTest\WITLoginWebTest.csproj", "{801A7DE7-F658-419F-A66C-81A8EDACEB6C}"
EndProject
Global
	GlobalSection(SolutionConfigurationPlatforms) = preSolution
		Debug|Any CPU = Debug|Any CPU
		Release|Any CPU = Release|Any CPU
	EndGlobalSection
	GlobalSection(ProjectConfigurationPlatforms) = postSolution
		{DC9F7569-9428-4AE0-9FC6-4EC1703D5D4D}.Debug|Any CPU.ActiveCfg = Debug|Any CPU
		{DC9F7569-9428-4AE0-9FC6-4EC1703D5D4D}.Debug|Any CPU.Build.0 = Debug|Any CPU
		{DC9F7569-9428-4AE0-9FC6-4EC1703D5D4D}.Release|Any CPU.ActiveCfg = Release|Any CPU
		{DC9F7569-9428-4AE0-9FC6-4EC1703D5D4D}.Release|Any CPU.Build.0 = Release|Any CPU
		{7E9DA62D-2134-455C-A428-23982E407AFA}.Debug|Any CPU.ActiveCfg = Debug|Any CPU
		{7E9DA62D-2134-455C-A428-23982E407AFA}.Debug|Any CPU.Build.0 = Debug|Any CPU
		{7E9DA62D-2134-455C-A428-23982E407AFA}.Release|Any CPU.ActiveCfg = Release|Any CPU
		{7E9DA62D-2134-455C-A428-23982E407AFA}.Release|Any CPU.Build.0 = Release|Any CPU
		{801A7DE7-F658-419F-A66C-81A8EDACEB6C}.Debug|Any CPU.ActiveCfg = Debug|Any CPU
		{801A7DE7-F658-419F-A66C-81A8EDACEB6C}.Debug|Any CPU.Build.0 = Debug|Any CPU
		{801A7DE7-F658-419F-A66C-81A8EDACEB6C}.Release|Any CPU.ActiveCfg = Release|Any CPU
		{801A7DE7-F658-419F-A66C-81A8EDACEB6C}.Release|Any CPU.Build.0 = Release|Any CPU
	EndGlobalSection
	GlobalSection(SolutionProperties) = preSolution
		HideSolutionNode = FALSE
	EndGlobalSection
	GlobalSection(ExtensibilityGlobals) = postSolution
		SolutionGuid = {31005F5F-EBDB-46D4-A9EF-A1F2E1F1E4A6}
	EndGlobalSection
EndGlobal
